
Microsoft Visual Studio Solution File, Format Version 12.00
Project("{FAE04EC0-301F-11D3-BF4B-00C04F79EFBC}") = "AdventOfCode", "src\AdventOfCode.csproj", "{97E17D59-FD20-46FB-B5C7-84974A594E7E}"
EndProject
Project("{FAE04EC0-301F-11D3-BF4B-00C04F79EFBC}") = "AdventOfCode.Tests", "tests\AdventOfCode.Tests\AdventOfCode.Tests.csproj", "{63F690A0-D5CD-4A41-B551-A66461CBE8D2}"
EndProject
Global
	GlobalSection(SolutionConfigurationPlatforms) = preSolution
		Debug|Any CPU = Debug|Any CPU
		Release|Any CPU = Release|Any CPU
	EndGlobalSection
	GlobalSection(ProjectConfigurationPlatforms) = postSolution
		{97E17D59-FD20-46FB-B5C7-84974A594E7E}.Debug|Any CPU.ActiveCfg = Debug|Any CPU
		{97E17D59-FD20-46FB-B5C7-84974A594E7E}.Debug|Any CPU.Build.0 = Debug|Any CPU
		{97E17D59-FD20-46FB-B5C7-84974A594E7E}.Release|Any CPU.ActiveCfg = Release|Any CPU
		{97E17D59-FD20-46FB-B5C7-84974A594E7E}.Release|Any CPU.Build.0 = Release|Any CPU
		{63F690A0-D5CD-4A41-B551-A66461CBE8D2}.Debug|Any CPU.ActiveCfg = Debug|Any CPU
		{63F690A0-D5CD-4A41-B551-A66461CBE8D2}.Debug|Any CPU.Build.0 = Debug|Any CPU
		{63F690A0-D5CD-4A41-B551-A66461CBE8D2}.Release|Any CPU.ActiveCfg = Release|Any CPU
		{63F690A0-D5CD-4A41-B551-A66461CBE8D2}.Release|Any CPU.Build.0 = Release|Any CPU
	EndGlobalSection
EndGlobal
